
Microsoft Visual Studio Solution File, Format Version 12.00
Project("{FAE04EC0-301F-11D3-BF4B-00C04F79EFBC}") = "Hammer", "Hammer\Hammer.csproj", "{65BAEB7E-F285-4E2E-898A-9534ED6B9811}"
EndProject
Global
	GlobalSection(SolutionConfigurationPlatforms) = preSolution
		Debug|Any CPU = Debug|Any CPU
		Release|Any CPU = Release|Any CPU
	EndGlobalSection
	GlobalSection(ProjectConfigurationPlatforms) = postSolution
		{65BAEB7E-F285-4E2E-898A-9534ED6B9811}.Debug|Any CPU.ActiveCfg = Debug|Any CPU
		{65BAEB7E-F285-4E2E-898A-9534ED6B9811}.Debug|Any CPU.Build.0 = Debug|Any CPU
		{65BAEB7E-F285-4E2E-898A-9534ED6B9811}.Release|Any CPU.ActiveCfg = Release|Any CPU
		{65BAEB7E-F285-4E2E-898A-9534ED6B9811}.Release|Any CPU.Build.0 = Release|Any CPU
	EndGlobalSection
EndGlobal
